
Microsoft Visual Studio Solution File, Format Version 12.00
# Visual Studio Version 17
VisualStudioVersion = 17.13.35825.156 d17.13
MinimumVisualStudioVersion = 10.0.40219.1
Project("{FAE04EC0-301F-11D3-BF4B-00C04F79EFBC}") = "MauiAppTempo", "MauiAppTempo\MauiAppTempo.csproj", "{BFB43ED1-323E-4394-B7E7-1D6D685CA604}"
EndProject
Global
	GlobalSection(SolutionConfigurationPlatforms) = preSolution
		Debug|Any CPU = Debug|Any CPU
		Release|Any CPU = Release|Any CPU
	EndGlobalSection
	GlobalSection(ProjectConfigurationPlatforms) = postSolution
		{BFB43ED1-323E-4394-B7E7-1D6D685CA604}.Debug|Any CPU.ActiveCfg = Debug|Any CPU
		{BFB43ED1-323E-4394-B7E7-1D6D685CA604}.Debug|Any CPU.Build.0 = Debug|Any CPU
		{BFB43ED1-323E-4394-B7E7-1D6D685CA604}.Release|Any CPU.ActiveCfg = Release|Any CPU
		{BFB43ED1-323E-4394-B7E7-1D6D685CA604}.Release|Any CPU.Build.0 = Release|Any CPU
	EndGlobalSection
	GlobalSection(SolutionProperties) = preSolution
		HideSolutionNode = FALSE
	EndGlobalSection
	GlobalSection(ExtensibilityGlobals) = postSolution
		SolutionGuid = {292EA21C-50CF-4865-A704-E4EBF67201FD}
	EndGlobalSection
EndGlobal
